
Microsoft Visual Studio Solution File, Format Version 12.00
# Visual Studio Version 16
VisualStudioVersion = 16.0.30709.132
MinimumVisualStudioVersion = 10.0.40219.1
Project("{8BC9CEB8-8B4A-11D0-8D11-00A0C91BC942}") = "HomeTask(11.11.20)", "HomeTask(11.11.20)\HomeTask(11.11.20).vcxproj", "{ECBA205C-D2E9-4627-8664-16453AA40CD7}"
EndProject
Global
	GlobalSection(SolutionConfigurationPlatforms) = preSolution
		Debug|x64 = Debug|x64
		Debug|x86 = Debug|x86
		Release|x64 = Release|x64
		Release|x86 = Release|x86
	EndGlobalSection
	GlobalSection(ProjectConfigurationPlatforms) = postSolution
		{ECBA205C-D2E9-4627-8664-16453AA40CD7}.Debug|x64.ActiveCfg = Debug|x64
		{ECBA205C-D2E9-4627-8664-16453AA40CD7}.Debug|x64.Build.0 = Debug|x64
		{ECBA205C-D2E9-4627-8664-16453AA40CD7}.Debug|x86.ActiveCfg = Debug|Win32
		{ECBA205C-D2E9-4627-8664-16453AA40CD7}.Debug|x86.Build.0 = Debug|Win32
		{ECBA205C-D2E9-4627-8664-16453AA40CD7}.Release|x64.ActiveCfg = Release|x64
		{ECBA205C-D2E9-4627-8664-16453AA40CD7}.Release|x64.Build.0 = Release|x64
		{ECBA205C-D2E9-4627-8664-16453AA40CD7}.Release|x86.ActiveCfg = Release|Win32
		{ECBA205C-D2E9-4627-8664-16453AA40CD7}.Release|x86.Build.0 = Release|Win32
	EndGlobalSection
	GlobalSection(SolutionProperties) = preSolution
		HideSolutionNode = FALSE
	EndGlobalSection
	GlobalSection(ExtensibilityGlobals) = postSolution
		SolutionGuid = {D280E9F7-7D36-4DF5-BF22-165DFECE827D}
	EndGlobalSection
EndGlobal
